
Microsoft Visual Studio Solution File, Format Version 12.00
# Visual Studio Version 17
VisualStudioVersion = 17.9.34701.34
MinimumVisualStudioVersion = 10.0.40219.1
Project("{FAE04EC0-301F-11D3-BF4B-00C04F79EFBC}") = "ZooManager", "ZooManager\ZooManager.csproj", "{B5E370F4-2088-453C-8D81-F4B830C0882B}"
EndProject
Global
	GlobalSection(SolutionConfigurationPlatforms) = preSolution
		Debug|Any CPU = Debug|Any CPU
		Release|Any CPU = Release|Any CPU
	EndGlobalSection
	GlobalSection(ProjectConfigurationPlatforms) = postSolution
		{B5E370F4-2088-453C-8D81-F4B830C0882B}.Debug|Any CPU.ActiveCfg = Debug|Any CPU
		{B5E370F4-2088-453C-8D81-F4B830C0882B}.Debug|Any CPU.Build.0 = Debug|Any CPU
		{B5E370F4-2088-453C-8D81-F4B830C0882B}.Release|Any CPU.ActiveCfg = Release|Any CPU
		{B5E370F4-2088-453C-8D81-F4B830C0882B}.Release|Any CPU.Build.0 = Release|Any CPU
	EndGlobalSection
	GlobalSection(SolutionProperties) = preSolution
		HideSolutionNode = FALSE
	EndGlobalSection
	GlobalSection(ExtensibilityGlobals) = postSolution
		SolutionGuid = {4A36A484-6B15-4F5E-901F-2D825A568F66}
	EndGlobalSection
EndGlobal
